
Microsoft Visual Studio Solution File, Format Version 12.00
# Visual Studio 15
VisualStudioVersion = 15.0.28307.1321
MinimumVisualStudioVersion = 10.0.40219.1
Project("{FAE04EC0-301F-11D3-BF4B-00C04F79EFBC}") = "WpfAppTest", "WpfAppTest\WpfAppTest.csproj", "{61842CB6-A9A8-4252-9E7B-3CFC79EBA103}"
EndProject
Global
	GlobalSection(SolutionConfigurationPlatforms) = preSolution
		Debug|Any CPU = Debug|Any CPU
		Release|Any CPU = Release|Any CPU
	EndGlobalSection
	GlobalSection(ProjectConfigurationPlatforms) = postSolution
		{61842CB6-A9A8-4252-9E7B-3CFC79EBA103}.Debug|Any CPU.ActiveCfg = Debug|Any CPU
		{61842CB6-A9A8-4252-9E7B-3CFC79EBA103}.Debug|Any CPU.Build.0 = Debug|Any CPU
		{61842CB6-A9A8-4252-9E7B-3CFC79EBA103}.Release|Any CPU.ActiveCfg = Release|Any CPU
		{61842CB6-A9A8-4252-9E7B-3CFC79EBA103}.Release|Any CPU.Build.0 = Release|Any CPU
	EndGlobalSection
	GlobalSection(SolutionProperties) = preSolution
		HideSolutionNode = FALSE
	EndGlobalSection
	GlobalSection(ExtensibilityGlobals) = postSolution
		SolutionGuid = {E0E3E567-C402-48B8-A3B9-127EF445DD44}
	EndGlobalSection
EndGlobal
